
Microsoft Visual Studio Solution File, Format Version 12.00
# Visual Studio 15
VisualStudioVersion = 15.0.28010.2019
MinimumVisualStudioVersion = 10.0.40219.1
Project("{FAE04EC0-301F-11D3-BF4B-00C04F79EFBC}") = "HGV.Nullifier.Data", "HGV.Nullifier.Data\HGV.Nullifier.Data.csproj", "{DF406C39-1B5B-4413-AF4D-8F83D781ADC8}"
EndProject
Project("{FAE04EC0-301F-11D3-BF4B-00C04F79EFBC}") = "HGV.Nullifier.Tools.Collection", "HGV.Nullifier.Tools.Collection\HGV.Nullifier.Tools.Collection.csproj", "{54EB8307-E3D1-4153-9A21-CDD6BF34B79B}"
EndProject
Project("{FAE04EC0-301F-11D3-BF4B-00C04F79EFBC}") = "HGV.Nullifer.Service", "HGV.Nullifer.Service\HGV.Nullifer.Service.csproj", "{115021EE-2A11-46AC-803E-0482729897C8}"
EndProject
Project("{FAE04EC0-301F-11D3-BF4B-00C04F79EFBC}") = "HGV.Nullifier.Tools.Export", "HGV.Nullifier.Tools.Export\HGV.Nullifier.Tools.Export.csproj", "{AA585E88-2EC8-4B1F-B21C-6E3991238550}"
EndProject
Global
	GlobalSection(SolutionConfigurationPlatforms) = preSolution
		Debug|Any CPU = Debug|Any CPU
		Release|Any CPU = Release|Any CPU
	EndGlobalSection
	GlobalSection(ProjectConfigurationPlatforms) = postSolution
		{DF406C39-1B5B-4413-AF4D-8F83D781ADC8}.Debug|Any CPU.ActiveCfg = Debug|Any CPU
		{DF406C39-1B5B-4413-AF4D-8F83D781ADC8}.Debug|Any CPU.Build.0 = Debug|Any CPU
		{DF406C39-1B5B-4413-AF4D-8F83D781ADC8}.Release|Any CPU.ActiveCfg = Release|Any CPU
		{DF406C39-1B5B-4413-AF4D-8F83D781ADC8}.Release|Any CPU.Build.0 = Release|Any CPU
		{54EB8307-E3D1-4153-9A21-CDD6BF34B79B}.Debug|Any CPU.ActiveCfg = Debug|Any CPU
		{54EB8307-E3D1-4153-9A21-CDD6BF34B79B}.Debug|Any CPU.Build.0 = Debug|Any CPU
		{54EB8307-E3D1-4153-9A21-CDD6BF34B79B}.Release|Any CPU.ActiveCfg = Release|Any CPU
		{54EB8307-E3D1-4153-9A21-CDD6BF34B79B}.Release|Any CPU.Build.0 = Release|Any CPU
		{115021EE-2A11-46AC-803E-0482729897C8}.Debug|Any CPU.ActiveCfg = Debug|Any CPU
		{115021EE-2A11-46AC-803E-0482729897C8}.Debug|Any CPU.Build.0 = Debug|Any CPU
		{115021EE-2A11-46AC-803E-0482729897C8}.Release|Any CPU.ActiveCfg = Release|Any CPU
		{115021EE-2A11-46AC-803E-0482729897C8}.Release|Any CPU.Build.0 = Release|Any CPU
		{AA585E88-2EC8-4B1F-B21C-6E3991238550}.Debug|Any CPU.ActiveCfg = Debug|Any CPU
		{AA585E88-2EC8-4B1F-B21C-6E3991238550}.Debug|Any CPU.Build.0 = Debug|Any CPU
		{AA585E88-2EC8-4B1F-B21C-6E3991238550}.Release|Any CPU.ActiveCfg = Release|Any CPU
		{AA585E88-2EC8-4B1F-B21C-6E3991238550}.Release|Any CPU.Build.0 = Release|Any CPU
	EndGlobalSection
	GlobalSection(SolutionProperties) = preSolution
		HideSolutionNode = FALSE
	EndGlobalSection
	GlobalSection(ExtensibilityGlobals) = postSolution
		SolutionGuid = {F4BD5BFB-0AA6-4E01-A73A-6C03E8C0B098}
	EndGlobalSection
EndGlobal
